{
  "name": "instagram-clone",
  "lockfileVersion": 2,
  "requires": true,
  "packages": {
    "": {
      "dependencies": {
        "vue-croppa": "^1.3.8"
      }
    },
    "node_modules/canvas-exif-orientation": {
      "version": "0.4.0",
      "resolved": "https://registry.npmjs.org/canvas-exif-orientation/-/canvas-exif-orientation-0.4.0.tgz",
      "integrity": "sha512-1NjYRG+44oKnY5Ou6NtaRoHchLHYlIzxfzTNBAToTiWOO7BkCW4ays709sYIdD+Wg6DReDAAAcHzfrMgZjyiRg=="
    },
    "node_modules/object-assign": {
      "version": "4.1.1",
      "resolved": "https://registry.npmjs.org/object-assign/-/object-assign-4.1.1.tgz",
      "integrity": "sha512-rJgTQnkUnH1sFw8yT6VSU3zD3sWmu6sZhIseY8VX+GRu3P6F7Fu+JNDoXfklElbLJSnc3FUQHVe4cU5hj+BcUg==",
      "engines": {
        "node": ">=0.10.0"
      }
    },
    "node_modules/vue-croppa": {
      "version": "1.3.8",
      "resolved": "https://registry.npmjs.org/vue-croppa/-/vue-croppa-1.3.8.tgz",
      "integrity": "sha512-WwYgEKscTCD7BzhnbfRJfzWIU6RcMq2JRimB3aI5gGzpADmpKuqmDh9+oVfiZaEnpmRthgXZxcAvbxU6CeIU9w==",
      "dependencies": {
        "canvas-exif-orientation": "^0.4.0",
        "object-assign": "^4.1.1"
      }
    }
  },
  "dependencies": {
    "canvas-exif-orientation": {
      "version": "0.4.0",
      "resolved": "https://registry.npmjs.org/canvas-exif-orientation/-/canvas-exif-orientation-0.4.0.tgz",
      "integrity": "sha512-1NjYRG+44oKnY5Ou6NtaRoHchLHYlIzxfzTNBAToTiWOO7BkCW4ays709sYIdD+Wg6DReDAAAcHzfrMgZjyiRg=="
    },
    "object-assign": {
      "version": "4.1.1",
      "resolved": "https://registry.npmjs.org/object-assign/-/object-assign-4.1.1.tgz",
      "integrity": "sha512-rJgTQnkUnH1sFw8yT6VSU3zD3sWmu6sZhIseY8VX+GRu3P6F7Fu+JNDoXfklElbLJSnc3FUQHVe4cU5hj+BcUg=="
    },
    "vue-croppa": {
      "version": "1.3.8",
      "resolved": "https://registry.npmjs.org/vue-croppa/-/vue-croppa-1.3.8.tgz",
      "integrity": "sha512-WwYgEKscTCD7BzhnbfRJfzWIU6RcMq2JRimB3aI5gGzpADmpKuqmDh9+oVfiZaEnpmRthgXZxcAvbxU6CeIU9w==",
      "requires": {
        "canvas-exif-orientation": "^0.4.0",
        "object-assign": "^4.1.1"
      }
    }
  }
}
